
Microsoft Visual Studio Solution File, Format Version 12.00
# Visual Studio 14
VisualStudioVersion = 14.0.24720.0
MinimumVisualStudioVersion = 10.0.40219.1
Project("{FAE04EC0-301F-11D3-BF4B-00C04F79EFBC}") = "AlgogeoPresentation", "AlgogeoPresentation\AlgogeoPresentation.csproj", "{11A3123F-B7DB-454F-B0B6-CA365B3281FA}"
EndProject
Project("{FAE04EC0-301F-11D3-BF4B-00C04F79EFBC}") = "AlgogeoUniversalMetier", "AlgogeoUniversalMetier\AlgogeoUniversalMetier.csproj", "{7F90844D-BB70-4450-AC0C-8819951809D3}"
EndProject
Project("{FAE04EC0-301F-11D3-BF4B-00C04F79EFBC}") = "AlgogeoMvvm", "AlgogeoMvvm\AlgogeoMvvm.csproj", "{C3FBB8C0-BD9E-4943-924F-C6F7302EAB44}"
EndProject
Global
	GlobalSection(SolutionConfigurationPlatforms) = preSolution
		Debug|Any CPU = Debug|Any CPU
		Debug|ARM = Debug|ARM
		Debug|x64 = Debug|x64
		Debug|x86 = Debug|x86
		Release|Any CPU = Release|Any CPU
		Release|ARM = Release|ARM
		Release|x64 = Release|x64
		Release|x86 = Release|x86
	EndGlobalSection
	GlobalSection(ProjectConfigurationPlatforms) = postSolution
		{11A3123F-B7DB-454F-B0B6-CA365B3281FA}.Debug|Any CPU.ActiveCfg = Debug|x86
		{11A3123F-B7DB-454F-B0B6-CA365B3281FA}.Debug|ARM.ActiveCfg = Debug|ARM
		{11A3123F-B7DB-454F-B0B6-CA365B3281FA}.Debug|ARM.Build.0 = Debug|ARM
		{11A3123F-B7DB-454F-B0B6-CA365B3281FA}.Debug|ARM.Deploy.0 = Debug|ARM
		{11A3123F-B7DB-454F-B0B6-CA365B3281FA}.Debug|x64.ActiveCfg = Debug|x64
		{11A3123F-B7DB-454F-B0B6-CA365B3281FA}.Debug|x64.Build.0 = Debug|x64
		{11A3123F-B7DB-454F-B0B6-CA365B3281FA}.Debug|x64.Deploy.0 = Debug|x64
		{11A3123F-B7DB-454F-B0B6-CA365B3281FA}.Debug|x86.ActiveCfg = Debug|x86
		{11A3123F-B7DB-454F-B0B6-CA365B3281FA}.Debug|x86.Build.0 = Debug|x86
		{11A3123F-B7DB-454F-B0B6-CA365B3281FA}.Debug|x86.Deploy.0 = Debug|x86
		{11A3123F-B7DB-454F-B0B6-CA365B3281FA}.Release|Any CPU.ActiveCfg = Release|x86
		{11A3123F-B7DB-454F-B0B6-CA365B3281FA}.Release|ARM.ActiveCfg = Release|ARM
		{11A3123F-B7DB-454F-B0B6-CA365B3281FA}.Release|ARM.Build.0 = Release|ARM
		{11A3123F-B7DB-454F-B0B6-CA365B3281FA}.Release|ARM.Deploy.0 = Release|ARM
		{11A3123F-B7DB-454F-B0B6-CA365B3281FA}.Release|x64.ActiveCfg = Release|x64
		{11A3123F-B7DB-454F-B0B6-CA365B3281FA}.Release|x64.Build.0 = Release|x64
		{11A3123F-B7DB-454F-B0B6-CA365B3281FA}.Release|x64.Deploy.0 = Release|x64
		{11A3123F-B7DB-454F-B0B6-CA365B3281FA}.Release|x86.ActiveCfg = Release|x86
		{11A3123F-B7DB-454F-B0B6-CA365B3281FA}.Release|x86.Build.0 = Release|x86
		{11A3123F-B7DB-454F-B0B6-CA365B3281FA}.Release|x86.Deploy.0 = Release|x86
		{7F90844D-BB70-4450-AC0C-8819951809D3}.Debug|Any CPU.ActiveCfg = Debug|Any CPU
		{7F90844D-BB70-4450-AC0C-8819951809D3}.Debug|Any CPU.Build.0 = Debug|Any CPU
		{7F90844D-BB70-4450-AC0C-8819951809D3}.Debug|ARM.ActiveCfg = Debug|ARM
		{7F90844D-BB70-4450-AC0C-8819951809D3}.Debug|ARM.Build.0 = Debug|ARM
		{7F90844D-BB70-4450-AC0C-8819951809D3}.Debug|x64.ActiveCfg = Debug|x64
		{7F90844D-BB70-4450-AC0C-8819951809D3}.Debug|x64.Build.0 = Debug|x64
		{7F90844D-BB70-4450-AC0C-8819951809D3}.Debug|x86.ActiveCfg = Debug|x86
		{7F90844D-BB70-4450-AC0C-8819951809D3}.Debug|x86.Build.0 = Debug|x86
		{7F90844D-BB70-4450-AC0C-8819951809D3}.Release|Any CPU.ActiveCfg = Release|Any CPU
		{7F90844D-BB70-4450-AC0C-8819951809D3}.Release|Any CPU.Build.0 = Release|Any CPU
		{7F90844D-BB70-4450-AC0C-8819951809D3}.Release|ARM.ActiveCfg = Release|ARM
		{7F90844D-BB70-4450-AC0C-8819951809D3}.Release|ARM.Build.0 = Release|ARM
		{7F90844D-BB70-4450-AC0C-8819951809D3}.Release|x64.ActiveCfg = Release|x64
		{7F90844D-BB70-4450-AC0C-8819951809D3}.Release|x64.Build.0 = Release|x64
		{7F90844D-BB70-4450-AC0C-8819951809D3}.Release|x86.ActiveCfg = Release|x86
		{7F90844D-BB70-4450-AC0C-8819951809D3}.Release|x86.Build.0 = Release|x86
		{C3FBB8C0-BD9E-4943-924F-C6F7302EAB44}.Debug|Any CPU.ActiveCfg = Debug|Any CPU
		{C3FBB8C0-BD9E-4943-924F-C6F7302EAB44}.Debug|Any CPU.Build.0 = Debug|Any CPU
		{C3FBB8C0-BD9E-4943-924F-C6F7302EAB44}.Debug|ARM.ActiveCfg = Debug|ARM
		{C3FBB8C0-BD9E-4943-924F-C6F7302EAB44}.Debug|ARM.Build.0 = Debug|ARM
		{C3FBB8C0-BD9E-4943-924F-C6F7302EAB44}.Debug|x64.ActiveCfg = Debug|x64
		{C3FBB8C0-BD9E-4943-924F-C6F7302EAB44}.Debug|x64.Build.0 = Debug|x64
		{C3FBB8C0-BD9E-4943-924F-C6F7302EAB44}.Debug|x86.ActiveCfg = Debug|x86
		{C3FBB8C0-BD9E-4943-924F-C6F7302EAB44}.Debug|x86.Build.0 = Debug|x86
		{C3FBB8C0-BD9E-4943-924F-C6F7302EAB44}.Release|Any CPU.ActiveCfg = Release|Any CPU
		{C3FBB8C0-BD9E-4943-924F-C6F7302EAB44}.Release|Any CPU.Build.0 = Release|Any CPU
		{C3FBB8C0-BD9E-4943-924F-C6F7302EAB44}.Release|ARM.ActiveCfg = Release|ARM
		{C3FBB8C0-BD9E-4943-924F-C6F7302EAB44}.Release|ARM.Build.0 = Release|ARM
		{C3FBB8C0-BD9E-4943-924F-C6F7302EAB44}.Release|x64.ActiveCfg = Release|x64
		{C3FBB8C0-BD9E-4943-924F-C6F7302EAB44}.Release|x64.Build.0 = Release|x64
		{C3FBB8C0-BD9E-4943-924F-C6F7302EAB44}.Release|x86.ActiveCfg = Release|x86
		{C3FBB8C0-BD9E-4943-924F-C6F7302EAB44}.Release|x86.Build.0 = Release|x86
	EndGlobalSection
	GlobalSection(SolutionProperties) = preSolution
		HideSolutionNode = FALSE
	EndGlobalSection
EndGlobal
